
Microsoft Visual Studio Solution File, Format Version 12.00
# Visual Studio 15
VisualStudioVersion = 15.0.26730.16
MinimumVisualStudioVersion = 10.0.40219.1
Project("{FAE04EC0-301F-11D3-BF4B-00C04F79EFBC}") = "SharpGraphEditor", "src\SharpGraphEditor\SharpGraphEditor.csproj", "{008B49DD-97B1-40BD-8BFF-F6AC2C71003C}"
EndProject
Project("{FAE04EC0-301F-11D3-BF4B-00C04F79EFBC}") = "SharpGraphEditor.Graph.Core", "src\SharpGraphEditor.Graph.Core\SharpGraphEditor.Graph.Core.csproj", "{047F5AB2-2F0F-45C5-B5B7-DE08ACD7DA0A}"
EndProject
Project("{2150E333-8FDC-42A3-9474-1A3956D46DE8}") = "src", "src", "{055112F0-58E0-4C91-925C-D1815CAB8EAD}"
EndProject
Project("{2150E333-8FDC-42A3-9474-1A3956D46DE8}") = "samples", "samples", "{452068EB-97CA-4738-BEC8-8DE0906BB764}"
	ProjectSection(SolutionItems) = preProject
		samples\adj_list.txt = samples\adj_list.txt
		samples\adj_matrix.txt = samples\adj_matrix.txt
		samples\edges_list.txt = samples\edges_list.txt
		samples\graphviz_plaintext.txt = samples\graphviz_plaintext.txt
		samples\gxml.gxml = samples\gxml.gxml
		samples\inc_matrix.txt = samples\inc_matrix.txt
	EndProjectSection
EndProject
Project("{2150E333-8FDC-42A3-9474-1A3956D46DE8}") = "test", "test", "{A5BBD540-0134-4934-A702-021EBA86C584}"
EndProject
Project("{FAE04EC0-301F-11D3-BF4B-00C04F79EFBC}") = "SharpGraphEditor.Graph.Core.Tests", "test\SharpGraphEditor.Graph.Core.Tests\SharpGraphEditor.Graph.Core.Tests.csproj", "{881BDFB3-F85D-409D-A23A-EA1525D9BD90}"
EndProject
Project("{2150E333-8FDC-42A3-9474-1A3956D46DE8}") = "assets", "assets", "{E10798EB-A50B-4DDA-A205-9F1700297CF7}"
	ProjectSection(SolutionItems) = preProject
		assets\SharpGraphEditor.ico = assets\SharpGraphEditor.ico
	EndProjectSection
EndProject
Project("{2150E333-8FDC-42A3-9474-1A3956D46DE8}") = "external", "external", "{8F6206D6-F9C4-483B-847E-EF0C56AEB857}"
EndProject
Project("{2150E333-8FDC-42A3-9474-1A3956D46DE8}") = "GraphViz", "GraphViz", "{FAEB0A4B-247A-49F1-91D9-C9CD29956562}"
	ProjectSection(SolutionItems) = preProject
		external\GraphViz\acyclic.exe = external\GraphViz\acyclic.exe
		external\GraphViz\ann.dll = external\GraphViz\ann.dll
		external\GraphViz\bcomps.exe = external\GraphViz\bcomps.exe
		external\GraphViz\ccomps.exe = external\GraphViz\ccomps.exe
		external\GraphViz\cdt.dll = external\GraphViz\cdt.dll
		external\GraphViz\cgraph.dll = external\GraphViz\cgraph.dll
		external\GraphViz\circo.exe = external\GraphViz\circo.exe
		external\GraphViz\config.h = external\GraphViz\config.h
		external\GraphViz\config6 = external\GraphViz\config6
		external\GraphViz\diffimg.exe = external\GraphViz\diffimg.exe
		external\GraphViz\dijkstra.exe = external\GraphViz\dijkstra.exe
		external\GraphViz\dot.exe = external\GraphViz\dot.exe
		external\GraphViz\dotty.exe = external\GraphViz\dotty.exe
		external\GraphViz\edgepaint.exe = external\GraphViz\edgepaint.exe
		external\GraphViz\exparse.h = external\GraphViz\exparse.h
		external\GraphViz\fc-cache.exe = external\GraphViz\fc-cache.exe
		external\GraphViz\fc-cat.exe = external\GraphViz\fc-cat.exe
		external\GraphViz\fc-list.exe = external\GraphViz\fc-list.exe
		external\GraphViz\fc-match.exe = external\GraphViz\fc-match.exe
		external\GraphViz\fdp.exe = external\GraphViz\fdp.exe
		external\GraphViz\fontconfig.dll = external\GraphViz\fontconfig.dll
		external\GraphViz\fontconfig_fix.dll = external\GraphViz\fontconfig_fix.dll
		external\GraphViz\freetype6.dll = external\GraphViz\freetype6.dll
		external\GraphViz\gc.exe = external\GraphViz\gc.exe
		external\GraphViz\gd.tgz = external\GraphViz\gd.tgz
		external\GraphViz\gd.zip = external\GraphViz\gd.zip
		external\GraphViz\getopt.h = external\GraphViz\getopt.h
		external\GraphViz\glut32.dll = external\GraphViz\glut32.dll
		external\GraphViz\gml2gv.exe = external\GraphViz\gml2gv.exe
		external\GraphViz\graphml2gv.exe = external\GraphViz\graphml2gv.exe
		external\GraphViz\Graphviz.ini = external\GraphViz\Graphviz.ini
		external\GraphViz\gts.lib = external\GraphViz\gts.lib
		external\GraphViz\gts.tgz = external\GraphViz\gts.tgz
		external\GraphViz\gv2gml.exe = external\GraphViz\gv2gml.exe
		external\GraphViz\gvc.dll = external\GraphViz\gvc.dll
		external\GraphViz\gvcolor.exe = external\GraphViz\gvcolor.exe
		external\GraphViz\gvedit.exe = external\GraphViz\gvedit.exe
		external\GraphViz\GVedit.html = external\GraphViz\GVedit.html
		external\GraphViz\gvgen.exe = external\GraphViz\gvgen.exe
		external\GraphViz\gvmap.exe = external\GraphViz\gvmap.exe
		external\GraphViz\gvpack.exe = external\GraphViz\gvpack.exe
		external\GraphViz\gvplugin_core.dll = external\GraphViz\gvplugin_core.dll
		external\GraphViz\gvplugin_dot_layout.dll = external\GraphViz\gvplugin_dot_layout.dll
		external\GraphViz\gvplugin_gd.dll = external\GraphViz\gvplugin_gd.dll
		external\GraphViz\gvplugin_gdiplus.dll = external\GraphViz\gvplugin_gdiplus.dll
		external\GraphViz\gvplugin_neato_layout.dll = external\GraphViz\gvplugin_neato_layout.dll
		external\GraphViz\gvplugin_pango.dll = external\GraphViz\gvplugin_pango.dll
		external\GraphViz\gvpr.exe = external\GraphViz\gvpr.exe
		external\GraphViz\gxl2gv.exe = external\GraphViz\gxl2gv.exe
		external\GraphViz\iconv.dll = external\GraphViz\iconv.dll
		external\GraphViz\intl.dll = external\GraphViz\intl.dll
		external\GraphViz\jpeg62.dll = external\GraphViz\jpeg62.dll
		external\GraphViz\lefty.exe = external\GraphViz\lefty.exe
		external\GraphViz\libatk-1.0-0.dll = external\GraphViz\libatk-1.0-0.dll
		external\GraphViz\libcairo-2.dll = external\GraphViz\libcairo-2.dll
		external\GraphViz\libexpat-1.dll = external\GraphViz\libexpat-1.dll
		external\GraphViz\libexpat.dll = external\GraphViz\libexpat.dll
		external\GraphViz\libfontconfig-1.dll = external\GraphViz\libfontconfig-1.dll
		external\GraphViz\libfreetype-6.dll = external\GraphViz\libfreetype-6.dll
		external\GraphViz\libgdk-win32-2.0-0.dll = external\GraphViz\libgdk-win32-2.0-0.dll
		external\GraphViz\libgdk_pixbuf-2.0-0.dll = external\GraphViz\libgdk_pixbuf-2.0-0.dll
		external\GraphViz\libgdkglext-win32-1.0-0.dll = external\GraphViz\libgdkglext-win32-1.0-0.dll
		external\GraphViz\libgio-2.0-0.dll = external\GraphViz\libgio-2.0-0.dll
		external\GraphViz\libglade-2.0-0.dll = external\GraphViz\libglade-2.0-0.dll
		external\GraphViz\libglib-2.0-0.dll = external\GraphViz\libglib-2.0-0.dll
		external\GraphViz\libgmodule-2.0-0.dll = external\GraphViz\libgmodule-2.0-0.dll
		external\GraphViz\libgobject-2.0-0.dll = external\GraphViz\libgobject-2.0-0.dll
		external\GraphViz\libgthread-2.0-0.dll = external\GraphViz\libgthread-2.0-0.dll
		external\GraphViz\libgtk-win32-2.0-0.dll = external\GraphViz\libgtk-win32-2.0-0.dll
		external\GraphViz\libgtkglext-win32-1.0-0.dll = external\GraphViz\libgtkglext-win32-1.0-0.dll
		external\GraphViz\libltdl-3.dll = external\GraphViz\libltdl-3.dll
		external\GraphViz\libpango-1.0-0.dll = external\GraphViz\libpango-1.0-0.dll
		external\GraphViz\libpangocairo-1.0-0.dll = external\GraphViz\libpangocairo-1.0-0.dll
		external\GraphViz\libpangoft2-1.0-0.dll = external\GraphViz\libpangoft2-1.0-0.dll
		external\GraphViz\libpangowin32-1.0-0.dll = external\GraphViz\libpangowin32-1.0-0.dll
		external\GraphViz\libpng12.dll = external\GraphViz\libpng12.dll
		external\GraphViz\libpng14-14.dll = external\GraphViz\libpng14-14.dll
		external\GraphViz\librsvg-2-2.dll = external\GraphViz\librsvg-2-2.dll
		external\GraphViz\libxml2.dll = external\GraphViz\libxml2.dll
		external\GraphViz\lneato.exe = external\GraphViz\lneato.exe
		external\GraphViz\ltdl.dll = external\GraphViz\ltdl.dll
		external\GraphViz\mingle.exe = external\GraphViz\mingle.exe
		external\GraphViz\mm2gv.exe = external\GraphViz\mm2gv.exe
		external\GraphViz\neato.exe = external\GraphViz\neato.exe
		external\GraphViz\New Text Document.txt = external\GraphViz\New Text Document.txt
		external\GraphViz\nop.exe = external\GraphViz\nop.exe
		external\GraphViz\osage.exe = external\GraphViz\osage.exe
		external\GraphViz\patchwork.exe = external\GraphViz\patchwork.exe
		external\GraphViz\Pathplan.dll = external\GraphViz\Pathplan.dll
		external\GraphViz\props.txt = external\GraphViz\props.txt
		external\GraphViz\prune.exe = external\GraphViz\prune.exe
		external\GraphViz\QtCore4.dll = external\GraphViz\QtCore4.dll
		external\GraphViz\QtGui4.dll = external\GraphViz\QtGui4.dll
		external\GraphViz\sccmap.exe = external\GraphViz\sccmap.exe
		external\GraphViz\Settings.ini = external\GraphViz\Settings.ini
		external\GraphViz\sfdp.exe = external\GraphViz\sfdp.exe
		external\GraphViz\smyrna.exe = external\GraphViz\smyrna.exe
		external\GraphViz\Temp.rar = external\GraphViz\Temp.rar
		external\GraphViz\tred.exe = external\GraphViz\tred.exe
		external\GraphViz\twopi.exe = external\GraphViz\twopi.exe
		external\GraphViz\unflatten.exe = external\GraphViz\unflatten.exe
		external\GraphViz\vmalloc.dll = external\GraphViz\vmalloc.dll
		external\GraphViz\zlib1.dll = external\GraphViz\zlib1.dll
	EndProjectSection
EndProject
Global
	GlobalSection(SolutionConfigurationPlatforms) = preSolution
		Debug|Any CPU = Debug|Any CPU
		Release|Any CPU = Release|Any CPU
	EndGlobalSection
	GlobalSection(ProjectConfigurationPlatforms) = postSolution
		{008B49DD-97B1-40BD-8BFF-F6AC2C71003C}.Debug|Any CPU.ActiveCfg = Debug|Any CPU
		{008B49DD-97B1-40BD-8BFF-F6AC2C71003C}.Debug|Any CPU.Build.0 = Debug|Any CPU
		{008B49DD-97B1-40BD-8BFF-F6AC2C71003C}.Release|Any CPU.ActiveCfg = Release|Any CPU
		{008B49DD-97B1-40BD-8BFF-F6AC2C71003C}.Release|Any CPU.Build.0 = Release|Any CPU
		{047F5AB2-2F0F-45C5-B5B7-DE08ACD7DA0A}.Debug|Any CPU.ActiveCfg = Debug|Any CPU
		{047F5AB2-2F0F-45C5-B5B7-DE08ACD7DA0A}.Debug|Any CPU.Build.0 = Debug|Any CPU
		{047F5AB2-2F0F-45C5-B5B7-DE08ACD7DA0A}.Release|Any CPU.ActiveCfg = Release|Any CPU
		{047F5AB2-2F0F-45C5-B5B7-DE08ACD7DA0A}.Release|Any CPU.Build.0 = Release|Any CPU
		{881BDFB3-F85D-409D-A23A-EA1525D9BD90}.Debug|Any CPU.ActiveCfg = Debug|Any CPU
		{881BDFB3-F85D-409D-A23A-EA1525D9BD90}.Debug|Any CPU.Build.0 = Debug|Any CPU
		{881BDFB3-F85D-409D-A23A-EA1525D9BD90}.Release|Any CPU.ActiveCfg = Release|Any CPU
		{881BDFB3-F85D-409D-A23A-EA1525D9BD90}.Release|Any CPU.Build.0 = Release|Any CPU
	EndGlobalSection
	GlobalSection(SolutionProperties) = preSolution
		HideSolutionNode = FALSE
	EndGlobalSection
	GlobalSection(NestedProjects) = preSolution
		{008B49DD-97B1-40BD-8BFF-F6AC2C71003C} = {055112F0-58E0-4C91-925C-D1815CAB8EAD}
		{047F5AB2-2F0F-45C5-B5B7-DE08ACD7DA0A} = {055112F0-58E0-4C91-925C-D1815CAB8EAD}
		{881BDFB3-F85D-409D-A23A-EA1525D9BD90} = {A5BBD540-0134-4934-A702-021EBA86C584}
		{FAEB0A4B-247A-49F1-91D9-C9CD29956562} = {8F6206D6-F9C4-483B-847E-EF0C56AEB857}
	EndGlobalSection
	GlobalSection(ExtensibilityGlobals) = postSolution
		SolutionGuid = {6383CF6B-2F5D-4A32-BA2B-750BC6BB0349}
	EndGlobalSection
EndGlobal
